
Microsoft Visual Studio Solution File, Format Version 12.00
# Visual Studio Version 17
VisualStudioVersion = 17.0.31903.59
MinimumVisualStudioVersion = 10.0.40219.1
Project("{FAE04EC0-301F-11D3-BF4B-00C04F79EFBC}") = "VillaManager.API", "VillaManager.API\VillaManager.API.csproj", "{271F51D3-E407-4E32-873A-978A5EDA7B4F}"
EndProject
Project("{FAE04EC0-301F-11D3-BF4B-00C04F79EFBC}") = "VillaManager.Data", "VillaManager.Data\VillaManager.Data.csproj", "{C76B3E5B-267F-47C7-9F3F-F929391EE245}"
EndProject
Project("{FAE04EC0-301F-11D3-BF4B-00C04F79EFBC}") = "VillaManager.Domain", "VillaManager.Domain\VillaManager.Domain.csproj", "{9E437919-C2E5-4265-801F-031A295720F8}"
EndProject
Project("{FAE04EC0-301F-11D3-BF4B-00C04F79EFBC}") = "VillaManager.Services", "VillaManager.Services\VillaManager.Services.csproj", "{1A33881E-9426-4168-9754-5EC47229AB28}"
EndProject
Project("{FAE04EC0-301F-11D3-BF4B-00C04F79EFBC}") = "VillaManager.Blazor", "VillaManager.Blazor\VillaManager.Blazor.csproj", "{8A45EF5C-625D-473E-A498-9CB3F6E89F59}"
EndProject
Global
	GlobalSection(SolutionConfigurationPlatforms) = preSolution
		Debug|Any CPU = Debug|Any CPU
		Release|Any CPU = Release|Any CPU
	EndGlobalSection
	GlobalSection(SolutionProperties) = preSolution
		HideSolutionNode = FALSE
	EndGlobalSection
	GlobalSection(ProjectConfigurationPlatforms) = postSolution
		{271F51D3-E407-4E32-873A-978A5EDA7B4F}.Debug|Any CPU.ActiveCfg = Debug|Any CPU
		{271F51D3-E407-4E32-873A-978A5EDA7B4F}.Debug|Any CPU.Build.0 = Debug|Any CPU
		{271F51D3-E407-4E32-873A-978A5EDA7B4F}.Release|Any CPU.ActiveCfg = Release|Any CPU
		{271F51D3-E407-4E32-873A-978A5EDA7B4F}.Release|Any CPU.Build.0 = Release|Any CPU
		{C76B3E5B-267F-47C7-9F3F-F929391EE245}.Debug|Any CPU.ActiveCfg = Debug|Any CPU
		{C76B3E5B-267F-47C7-9F3F-F929391EE245}.Debug|Any CPU.Build.0 = Debug|Any CPU
		{C76B3E5B-267F-47C7-9F3F-F929391EE245}.Release|Any CPU.ActiveCfg = Release|Any CPU
		{C76B3E5B-267F-47C7-9F3F-F929391EE245}.Release|Any CPU.Build.0 = Release|Any CPU
		{9E437919-C2E5-4265-801F-031A295720F8}.Debug|Any CPU.ActiveCfg = Debug|Any CPU
		{9E437919-C2E5-4265-801F-031A295720F8}.Debug|Any CPU.Build.0 = Debug|Any CPU
		{9E437919-C2E5-4265-801F-031A295720F8}.Release|Any CPU.ActiveCfg = Release|Any CPU
		{9E437919-C2E5-4265-801F-031A295720F8}.Release|Any CPU.Build.0 = Release|Any CPU
		{1A33881E-9426-4168-9754-5EC47229AB28}.Debug|Any CPU.ActiveCfg = Debug|Any CPU
		{1A33881E-9426-4168-9754-5EC47229AB28}.Debug|Any CPU.Build.0 = Debug|Any CPU
		{1A33881E-9426-4168-9754-5EC47229AB28}.Release|Any CPU.ActiveCfg = Release|Any CPU
		{1A33881E-9426-4168-9754-5EC47229AB28}.Release|Any CPU.Build.0 = Release|Any CPU
		{8A45EF5C-625D-473E-A498-9CB3F6E89F59}.Debug|Any CPU.ActiveCfg = Debug|Any CPU
		{8A45EF5C-625D-473E-A498-9CB3F6E89F59}.Debug|Any CPU.Build.0 = Debug|Any CPU
		{8A45EF5C-625D-473E-A498-9CB3F6E89F59}.Release|Any CPU.ActiveCfg = Release|Any CPU
		{8A45EF5C-625D-473E-A498-9CB3F6E89F59}.Release|Any CPU.Build.0 = Release|Any CPU
	EndGlobalSection
EndGlobal
